
Microsoft Visual Studio Solution File, Format Version 12.00
# Visual Studio Version 17
VisualStudioVersion = 17.2.32630.192
MinimumVisualStudioVersion = 10.0.40219.1
Project("{FAE04EC0-301F-11D3-BF4B-00C04F79EFBC}") = "ProjectManagement", "ProjectManagement.csproj", "{980F2264-D8D9-4E3C-98B8-ABA47EEED4EF}"
EndProject
Global
	GlobalSection(SolutionConfigurationPlatforms) = preSolution
		Debug|Any CPU = Debug|Any CPU
		Release|Any CPU = Release|Any CPU
	EndGlobalSection
	GlobalSection(ProjectConfigurationPlatforms) = postSolution
		{980F2264-D8D9-4E3C-98B8-ABA47EEED4EF}.Debug|Any CPU.ActiveCfg = Debug|Any CPU
		{980F2264-D8D9-4E3C-98B8-ABA47EEED4EF}.Debug|Any CPU.Build.0 = Debug|Any CPU
		{980F2264-D8D9-4E3C-98B8-ABA47EEED4EF}.Release|Any CPU.ActiveCfg = Release|Any CPU
		{980F2264-D8D9-4E3C-98B8-ABA47EEED4EF}.Release|Any CPU.Build.0 = Release|Any CPU
	EndGlobalSection
	GlobalSection(SolutionProperties) = preSolution
		HideSolutionNode = FALSE
	EndGlobalSection
	GlobalSection(ExtensibilityGlobals) = postSolution
		SolutionGuid = {819B025D-DA64-48F9-B1D3-3D46EB8579F0}
	EndGlobalSection
EndGlobal
